# This file is automatically @generated by Cargo.
# It is not intended for manual editing.
version = 3

[[package]]
name = "anyhow"
version = "1.0.66"
source = "registry+https://github.com/rust-lang/crates.io-index"
checksum = "216261ddc8289130e551ddcd5ce8a064710c0d064a4d2895c67151c92b5443f6"

[[package]]
name = "argh"
version = "0.1.9"
source = "registry+https://github.com/rust-lang/crates.io-index"
checksum = "c375edecfd2074d5edcc31396860b6e54b6f928714d0e097b983053fac0cabe3"
dependencies = [
 "argh_derive",
 "argh_shared",
]

[[package]]
name = "argh_derive"
version = "0.1.9"
source = "registry+https://github.com/rust-lang/crates.io-index"
checksum = "aa013479b80109a1bf01a039412b0f0013d716f36921226d86c6709032fb7a03"
dependencies = [
 "argh_shared",
 "heck",
 "proc-macro2",
 "quote",
 "syn",
]

[[package]]
name = "argh_shared"
version = "0.1.9"
source = "registry+https://github.com/rust-lang/crates.io-index"
checksum = "149f75bbec1827618262e0855a68f0f9a7f2edc13faebf33c4f16d6725edb6a9"

[[package]]
name = "heck"
version = "0.4.0"
source = "registry+https://github.com/rust-lang/crates.io-index"
checksum = "2540771e65fc8cb83cd6e8a237f70c319bd5c29f78ed1084ba5d50eeac86f7f9"

[[package]]
name = "proc-macro2"
version = "1.0.47"
source = "registry+https://github.com/rust-lang/crates.io-index"
checksum = "5ea3d908b0e36316caf9e9e2c4625cdde190a7e6f440d794667ed17a1855e725"
dependencies = [
 "unicode-ident",
]

[[package]]
name = "quote"
version = "1.0.21"
source = "registry+https://github.com/rust-lang/crates.io-index"
checksum = "bbe448f377a7d6961e30f5955f9b8d106c3f5e449d493ee1b125c1d43c2b5179"
dependencies = [
 "proc-macro2",
]

[[package]]
name = "sr5900p"
version = "0.1.0"
dependencies = [
 "anyhow",
 "argh",
]

[[package]]
name = "syn"
version = "1.0.103"
source = "registry+https://github.com/rust-lang/crates.io-index"
checksum = "a864042229133ada95abf3b54fdc62ef5ccabe9515b64717bcb9a1919e59445d"
dependencies = [
 "proc-macro2",
 "quote",
 "unicode-ident",
]

[[package]]
name = "unicode-ident"
version = "1.0.5"
source = "registry+https://github.com/rust-lang/crates.io-index"
checksum = "6ceab39d59e4c9499d4e5a8ee0e2735b891bb7308ac83dfb4e80cad195c9f6f3"
